
Microsoft Visual Studio Solution File, Format Version 12.00
# Visual Studio Version 17
VisualStudioVersion = 17.2.32630.192
MinimumVisualStudioVersion = 10.0.40219.1
Project("{FAE04EC0-301F-11D3-BF4B-00C04F79EFBC}") = "Dados-Csharp", "Dados-Csharp\Dados-Csharp.csproj", "{5FC21B97-743D-4E37-A85C-C65DB89047A4}"
EndProject
Global
	GlobalSection(SolutionConfigurationPlatforms) = preSolution
		Debug|Any CPU = Debug|Any CPU
		Release|Any CPU = Release|Any CPU
	EndGlobalSection
	GlobalSection(ProjectConfigurationPlatforms) = postSolution
		{5FC21B97-743D-4E37-A85C-C65DB89047A4}.Debug|Any CPU.ActiveCfg = Debug|Any CPU
		{5FC21B97-743D-4E37-A85C-C65DB89047A4}.Debug|Any CPU.Build.0 = Debug|Any CPU
		{5FC21B97-743D-4E37-A85C-C65DB89047A4}.Release|Any CPU.ActiveCfg = Release|Any CPU
		{5FC21B97-743D-4E37-A85C-C65DB89047A4}.Release|Any CPU.Build.0 = Release|Any CPU
	EndGlobalSection
	GlobalSection(SolutionProperties) = preSolution
		HideSolutionNode = FALSE
	EndGlobalSection
	GlobalSection(ExtensibilityGlobals) = postSolution
		SolutionGuid = {7EAA71CD-423F-4B40-8E7D-BBA1EEF5704F}
	EndGlobalSection
EndGlobal
